
Microsoft Visual Studio Solution File, Format Version 12.00
# Visual Studio Version 16
VisualStudioVersion = 16.0.30104.148
MinimumVisualStudioVersion = 10.0.40219.1
Project("{FAE04EC0-301F-11D3-BF4B-00C04F79EFBC}") = "OAuthConsoleApp", "OAuthConsoleApp\OAuthConsoleApp.csproj", "{AC38CFAC-5563-454E-B7E5-FA2946FD8D13}"
EndProject
Project("{FAE04EC0-301F-11D3-BF4B-00C04F79EFBC}") = "MyOAuth", "MyOAuth\MyOAuth.csproj", "{804DD871-D1DD-44C3-9704-F6EAF1A62E49}"
EndProject
Global
	GlobalSection(SolutionConfigurationPlatforms) = preSolution
		Debug|Any CPU = Debug|Any CPU
		Release|Any CPU = Release|Any CPU
	EndGlobalSection
	GlobalSection(ProjectConfigurationPlatforms) = postSolution
		{AC38CFAC-5563-454E-B7E5-FA2946FD8D13}.Debug|Any CPU.ActiveCfg = Debug|Any CPU
		{AC38CFAC-5563-454E-B7E5-FA2946FD8D13}.Debug|Any CPU.Build.0 = Debug|Any CPU
		{AC38CFAC-5563-454E-B7E5-FA2946FD8D13}.Release|Any CPU.ActiveCfg = Release|Any CPU
		{AC38CFAC-5563-454E-B7E5-FA2946FD8D13}.Release|Any CPU.Build.0 = Release|Any CPU
		{804DD871-D1DD-44C3-9704-F6EAF1A62E49}.Debug|Any CPU.ActiveCfg = Debug|Any CPU
		{804DD871-D1DD-44C3-9704-F6EAF1A62E49}.Debug|Any CPU.Build.0 = Debug|Any CPU
		{804DD871-D1DD-44C3-9704-F6EAF1A62E49}.Release|Any CPU.ActiveCfg = Release|Any CPU
		{804DD871-D1DD-44C3-9704-F6EAF1A62E49}.Release|Any CPU.Build.0 = Release|Any CPU
	EndGlobalSection
	GlobalSection(SolutionProperties) = preSolution
		HideSolutionNode = FALSE
	EndGlobalSection
	GlobalSection(ExtensibilityGlobals) = postSolution
		SolutionGuid = {D7DD734F-ED3C-4A15-A538-1021229C92B3}
	EndGlobalSection
EndGlobal
